
Microsoft Visual Studio Solution File, Format Version 12.00
# Visual Studio Version 17
VisualStudioVersion = 17.9.34622.214
MinimumVisualStudioVersion = 10.0.40219.1
Project("{9A19103F-16F7-4668-BE54-9A1E7A4F7556}") = "WinFormShapes", "WinFormShapes\WinFormShapes.csproj", "{E6482B47-D64D-41F8-9169-DCC8A6DA9EBE}"
EndProject
Project("{FAE04EC0-301F-11D3-BF4B-00C04F79EFBC}") = "WinFormShapesApp.tests", "WinFormShapesApp.tests\WinFormShapesApp.tests.csproj", "{24B5A567-0414-49F2-9C48-084521E62D03}"
EndProject
Global
	GlobalSection(SolutionConfigurationPlatforms) = preSolution
		Debug|Any CPU = Debug|Any CPU
		Release|Any CPU = Release|Any CPU
	EndGlobalSection
	GlobalSection(ProjectConfigurationPlatforms) = postSolution
		{E6482B47-D64D-41F8-9169-DCC8A6DA9EBE}.Debug|Any CPU.ActiveCfg = Debug|Any CPU
		{E6482B47-D64D-41F8-9169-DCC8A6DA9EBE}.Debug|Any CPU.Build.0 = Debug|Any CPU
		{E6482B47-D64D-41F8-9169-DCC8A6DA9EBE}.Release|Any CPU.ActiveCfg = Release|Any CPU
		{E6482B47-D64D-41F8-9169-DCC8A6DA9EBE}.Release|Any CPU.Build.0 = Release|Any CPU
		{24B5A567-0414-49F2-9C48-084521E62D03}.Debug|Any CPU.ActiveCfg = Debug|Any CPU
		{24B5A567-0414-49F2-9C48-084521E62D03}.Debug|Any CPU.Build.0 = Debug|Any CPU
		{24B5A567-0414-49F2-9C48-084521E62D03}.Release|Any CPU.ActiveCfg = Release|Any CPU
		{24B5A567-0414-49F2-9C48-084521E62D03}.Release|Any CPU.Build.0 = Release|Any CPU
	EndGlobalSection
	GlobalSection(SolutionProperties) = preSolution
		HideSolutionNode = FALSE
	EndGlobalSection
	GlobalSection(ExtensibilityGlobals) = postSolution
		SolutionGuid = {DE1E8206-B816-4F54-A4A0-0EE8AEC9353D}
	EndGlobalSection
EndGlobal
